Microsoft Visual Studio Solution File, Format Version 12.00
# Visual Studio Version 17
VisualStudioVersion = 17.5.2.0
MinimumVisualStudioVersion = 10.0.40219.1
Project("{FAE04EC0-301F-11D3-BF4B-00C04F79EFBC}") = "EmailQueuePOC", "EmailQueuePOC.csproj", "{039E13B6-17E5-3CA2-F33D-E3AD0153D609}"
EndProject
Global
	GlobalSection(SolutionConfigurationPlatforms) = preSolution
		Debug|Any CPU = Debug|Any CPU
		Release|Any CPU = Release|Any CPU
	EndGlobalSection
	GlobalSection(ProjectConfigurationPlatforms) = postSolution
		{039E13B6-17E5-3CA2-F33D-E3AD0153D609}.Debug|Any CPU.ActiveCfg = Debug|Any CPU
		{039E13B6-17E5-3CA2-F33D-E3AD0153D609}.Debug|Any CPU.Build.0 = Debug|Any CPU
		{039E13B6-17E5-3CA2-F33D-E3AD0153D609}.Release|Any CPU.ActiveCfg = Release|Any CPU
		{039E13B6-17E5-3CA2-F33D-E3AD0153D609}.Release|Any CPU.Build.0 = Release|Any CPU
	EndGlobalSection
	GlobalSection(SolutionProperties) = preSolution
		HideSolutionNode = FALSE
	EndGlobalSection
	GlobalSection(ExtensibilityGlobals) = postSolution
		SolutionGuid = {EDA9AF57-5DCD-41FC-848F-DEC025D60B38}
	EndGlobalSection
EndGlobal
